{
  "version": 1,
  "dependencies": {
    "net10.0-windows7.0": {
      "DalamudPackager": {
        "type": "Direct",
        "requested": "[15.0.0, )",
        "resolved": "15.0.0",
        "contentHash": "411vwC8/X8Z/sQ2TI6v3SvOn66xFPeOjFn3Zn+h0d3Ox2t1kFm66AhDvmx/qcMwVrR+Hidxj0dadpQ2dgyXMBQ=="
      },
      "DotNet.ReproducibleBuilds": {
        "type": "Direct",
        "requested": "[1.2.39, )",
        "resolved": "1.2.39",
        "contentHash": "fcFN01tDTIQqDuTwr1jUQK/geofiwjG5DycJQOnC72i1SsLAk1ELe+apBOuZ11UMQG8YKFZG1FgvjZPbqHyatg=="
      },
      "ECommons": {
        "type": "Direct",
        "requested": "[3.*, )",
        "resolved": "3.2.0.19",
        "contentHash": "yqRy0/6nuGx47c2Xaem7dyrQmV5Wv8aT5V6mQ1Rd03wPGsAFh+CbxDSFtBTGLxt2ZMW+anj4JoBlxj7KEFIMBg=="
      },
      "Microsoft.Extensions.Logging.Abstractions": {
        "type": "Direct",
        "requested": "[9.0.5, )",
        "resolved": "9.0.5",
        "contentHash": "pP1PADCrIxMYJXxFmTVbAgEU7GVpjK5i0/tyfU9DiE0oXQy3JWQaOVgCkrCiePLgS8b5sghM3Fau3EeHiVWbCg==",
        "dependencies": {
          "Microsoft.Extensions.DependencyInjection.Abstractions": "9.0.5"
        }
      },
      "Microsoft.Extensions.DependencyInjection.Abstractions": {
        "type": "Transitive",
        "resolved": "9.0.5",
        "contentHash": "cjnRtsEAzU73aN6W7vkWy8Phj5t3Xm78HSqgrbh/O4Q9SK/yN73wZVa21QQY6amSLQRQ/M8N+koGnY6PuvKQsw=="
      },
      "questforge.adapters": {
        "type": "Project"
      },
      "questforge.adapters.dalamud": {
        "type": "Project",
        "dependencies": {
          "DalamudPackager": "[15.0.0, )",
          "ECommons": "[3.*, )",
          "QuestForge.Adapters": "[1.0.0, )"
        }
      },
      "questforge.adapters.fakes": {
        "type": "Project",
        "dependencies": {
          "QuestForge.Adapters": "[1.0.0, )",
          "QuestForge.Engine": "[1.0.0, )"
        }
      },
      "questforge.engine": {
        "type": "Project",
        "dependencies": {
          "Microsoft.Extensions.Logging.Abstractions": "[9.0.5, )",
          "QuestForge.Adapters": "[1.0.0, )",
          "QuestForge.Predicates": "[1.0.0, )",
          "QuestForge.Schema": "[0.1.0, )"
        }
      },
      "questforge.predicates": {
        "type": "Project"
      },
      "questforge.schema": {
        "type": "Project"
      }
    }
  }
}