
Microsoft Visual Studio Solution File, Format Version 12.00
Project("{FAE04EC0-301F-11D3-BF4B-00C04F79EFBC}") = "QuestForge.Schema", "QuestForge.Schema\QuestForge.Schema.csproj", "{EFAE5A1C-28D6-4A4A-97A3-06A02A7BC4DF}"
EndProject
Project("{FAE04EC0-301F-11D3-BF4B-00C04F79EFBC}") = "QuestForge.Schema.Tests", "QuestForge.Schema.Tests\QuestForge.Schema.Tests.csproj", "{36FED8B3-BBEB-4714-897F-189216D642EB}"
EndProject
Project("{FAE04EC0-301F-11D3-BF4B-00C04F79EFBC}") = "QuestForge.Adapters", "QuestForge.Adapters\QuestForge.Adapters.csproj", "{63BC783A-4BA3-423E-9D54-CBA7F121ED17}"
EndProject
Project("{FAE04EC0-301F-11D3-BF4B-00C04F79EFBC}") = "QuestForge.Adapters.Fakes", "QuestForge.Adapters.Fakes\QuestForge.Adapters.Fakes.csproj", "{FEC7C1BA-1FA4-4A37-86BD-2488E9EF0563}"
EndProject
Project("{FAE04EC0-301F-11D3-BF4B-00C04F79EFBC}") = "QuestForge.Adapters.Tests", "QuestForge.Adapters.Tests\QuestForge.Adapters.Tests.csproj", "{3895AD6E-462B-4848-9B9D-1957ED1C4287}"
EndProject
Global
	GlobalSection(SolutionConfigurationPlatforms) = preSolution
		Debug|Any CPU = Debug|Any CPU
		Debug|x64 = Debug|x64
		Debug|x86 = Debug|x86
		Release|Any CPU = Release|Any CPU
		Release|x64 = Release|x64
		Release|x86 = Release|x86
	EndGlobalSection
	GlobalSection(ProjectConfigurationPlatforms) = postSolution
		{EFAE5A1C-28D6-4A4A-97A3-06A02A7BC4DF}.Debug|Any CPU.ActiveCfg = Debug|Any CPU
		{EFAE5A1C-28D6-4A4A-97A3-06A02A7BC4DF}.Debug|Any CPU.Build.0 = Debug|Any CPU
		{EFAE5A1C-28D6-4A4A-97A3-06A02A7BC4DF}.Debug|x64.ActiveCfg = Debug|Any CPU
		{EFAE5A1C-28D6-4A4A-97A3-06A02A7BC4DF}.Debug|x64.Build.0 = Debug|Any CPU
		{EFAE5A1C-28D6-4A4A-97A3-06A02A7BC4DF}.Debug|x86.ActiveCfg = Debug|Any CPU
		{EFAE5A1C-28D6-4A4A-97A3-06A02A7BC4DF}.Debug|x86.Build.0 = Debug|Any CPU
		{EFAE5A1C-28D6-4A4A-97A3-06A02A7BC4DF}.Release|Any CPU.ActiveCfg = Release|Any CPU
		{EFAE5A1C-28D6-4A4A-97A3-06A02A7BC4DF}.Release|Any CPU.Build.0 = Release|Any CPU
		{EFAE5A1C-28D6-4A4A-97A3-06A02A7BC4DF}.Release|x64.ActiveCfg = Release|Any CPU
		{EFAE5A1C-28D6-4A4A-97A3-06A02A7BC4DF}.Release|x64.Build.0 = Release|Any CPU
		{EFAE5A1C-28D6-4A4A-97A3-06A02A7BC4DF}.Release|x86.ActiveCfg = Release|Any CPU
		{EFAE5A1C-28D6-4A4A-97A3-06A02A7BC4DF}.Release|x86.Build.0 = Release|Any CPU
		{36FED8B3-BBEB-4714-897F-189216D642EB}.Debug|x64.ActiveCfg = Debug|Any CPU
		{36FED8B3-BBEB-4714-897F-189216D642EB}.Debug|x64.Build.0 = Debug|Any CPU
		{36FED8B3-BBEB-4714-897F-189216D642EB}.Debug|x86.ActiveCfg = Debug|Any CPU
		{36FED8B3-BBEB-4714-897F-189216D642EB}.Debug|x86.Build.0 = Debug|Any CPU
		{36FED8B3-BBEB-4714-897F-189216D642EB}.Release|x64.ActiveCfg = Release|Any CPU
		{36FED8B3-BBEB-4714-897F-189216D642EB}.Release|x64.Build.0 = Release|Any CPU
		{36FED8B3-BBEB-4714-897F-189216D642EB}.Release|x86.ActiveCfg = Release|Any CPU
		{36FED8B3-BBEB-4714-897F-189216D642EB}.Release|x86.Build.0 = Release|Any CPU
		{63BC783A-4BA3-423E-9D54-CBA7F121ED17}.Debug|Any CPU.ActiveCfg = Debug|Any CPU
		{63BC783A-4BA3-423E-9D54-CBA7F121ED17}.Debug|Any CPU.Build.0 = Debug|Any CPU
		{63BC783A-4BA3-423E-9D54-CBA7F121ED17}.Debug|x64.ActiveCfg = Debug|Any CPU
		{63BC783A-4BA3-423E-9D54-CBA7F121ED17}.Debug|x64.Build.0 = Debug|Any CPU
		{63BC783A-4BA3-423E-9D54-CBA7F121ED17}.Debug|x86.ActiveCfg = Debug|Any CPU
		{63BC783A-4BA3-423E-9D54-CBA7F121ED17}.Debug|x86.Build.0 = Debug|Any CPU
		{63BC783A-4BA3-423E-9D54-CBA7F121ED17}.Release|Any CPU.ActiveCfg = Release|Any CPU
		{63BC783A-4BA3-423E-9D54-CBA7F121ED17}.Release|Any CPU.Build.0 = Release|Any CPU
		{63BC783A-4BA3-423E-9D54-CBA7F121ED17}.Release|x64.ActiveCfg = Release|Any CPU
		{63BC783A-4BA3-423E-9D54-CBA7F121ED17}.Release|x64.Build.0 = Release|Any CPU
		{63BC783A-4BA3-423E-9D54-CBA7F121ED17}.Release|x86.ActiveCfg = Release|Any CPU
		{63BC783A-4BA3-423E-9D54-CBA7F121ED17}.Release|x86.Build.0 = Release|Any CPU
		{FEC7C1BA-1FA4-4A37-86BD-2488E9EF0563}.Debug|Any CPU.ActiveCfg = Debug|Any CPU
		{FEC7C1BA-1FA4-4A37-86BD-2488E9EF0563}.Debug|Any CPU.Build.0 = Debug|Any CPU
		{FEC7C1BA-1FA4-4A37-86BD-2488E9EF0563}.Debug|x64.ActiveCfg = Debug|Any CPU
		{FEC7C1BA-1FA4-4A37-86BD-2488E9EF0563}.Debug|x64.Build.0 = Debug|Any CPU
		{FEC7C1BA-1FA4-4A37-86BD-2488E9EF0563}.Debug|x86.ActiveCfg = Debug|Any CPU
		{FEC7C1BA-1FA4-4A37-86BD-2488E9EF0563}.Debug|x86.Build.0 = Debug|Any CPU
		{FEC7C1BA-1FA4-4A37-86BD-2488E9EF0563}.Release|Any CPU.ActiveCfg = Release|Any CPU
		{FEC7C1BA-1FA4-4A37-86BD-2488E9EF0563}.Release|Any CPU.Build.0 = Release|Any CPU
		{FEC7C1BA-1FA4-4A37-86BD-2488E9EF0563}.Release|x64.ActiveCfg = Release|Any CPU
		{FEC7C1BA-1FA4-4A37-86BD-2488E9EF0563}.Release|x64.Build.0 = Release|Any CPU
		{FEC7C1BA-1FA4-4A37-86BD-2488E9EF0563}.Release|x86.ActiveCfg = Release|Any CPU
		{FEC7C1BA-1FA4-4A37-86BD-2488E9EF0563}.Release|x86.Build.0 = Release|Any CPU
		{3895AD6E-462B-4848-9B9D-1957ED1C4287}.Debug|Any CPU.ActiveCfg = Debug|Any CPU
		{3895AD6E-462B-4848-9B9D-1957ED1C4287}.Debug|Any CPU.Build.0 = Debug|Any CPU
		{3895AD6E-462B-4848-9B9D-1957ED1C4287}.Debug|x64.ActiveCfg = Debug|Any CPU
		{3895AD6E-462B-4848-9B9D-1957ED1C4287}.Debug|x64.Build.0 = Debug|Any CPU
		{3895AD6E-462B-4848-9B9D-1957ED1C4287}.Debug|x86.ActiveCfg = Debug|Any CPU
		{3895AD6E-462B-4848-9B9D-1957ED1C4287}.Debug|x86.Build.0 = Debug|Any CPU
		{3895AD6E-462B-4848-9B9D-1957ED1C4287}.Release|Any CPU.ActiveCfg = Release|Any CPU
		{3895AD6E-462B-4848-9B9D-1957ED1C4287}.Release|Any CPU.Build.0 = Release|Any CPU
		{3895AD6E-462B-4848-9B9D-1957ED1C4287}.Release|x64.ActiveCfg = Release|Any CPU
		{3895AD6E-462B-4848-9B9D-1957ED1C4287}.Release|x64.Build.0 = Release|Any CPU
		{3895AD6E-462B-4848-9B9D-1957ED1C4287}.Release|x86.ActiveCfg = Release|Any CPU
		{3895AD6E-462B-4848-9B9D-1957ED1C4287}.Release|x86.Build.0 = Release|Any CPU
	EndGlobalSection
	GlobalSection(SolutionProperties) = preSolution
		HideSolutionNode = FALSE
	EndGlobalSection
EndGlobal
