
Microsoft Visual Studio Solution File, Format Version 12.00
Project("{FAE04EC0-301F-11D3-BF4B-00C04F79EFBC}") = "QuestForge.Schema", "QuestForge.Schema\QuestForge.Schema.csproj", "{EFAE5A1C-28D6-4A4A-97A3-06A02A7BC4DF}"
EndProject
Project("{FAE04EC0-301F-11D3-BF4B-00C04F79EFBC}") = "QuestForge.Schema.Tests", "QuestForge.Schema.Tests\QuestForge.Schema.Tests.csproj", "{36FED8B3-BBEB-4714-897F-189216D642EB}"
EndProject
Project("{FAE04EC0-301F-11D3-BF4B-00C04F79EFBC}") = "QuestForge.Adapters", "QuestForge.Adapters\QuestForge.Adapters.csproj", "{63BC783A-4BA3-423E-9D54-CBA7F121ED17}"
EndProject
Project("{FAE04EC0-301F-11D3-BF4B-00C04F79EFBC}") = "QuestForge.Adapters.Fakes", "QuestForge.Adapters.Fakes\QuestForge.Adapters.Fakes.csproj", "{FEC7C1BA-1FA4-4A37-86BD-2488E9EF0563}"
EndProject
Project("{FAE04EC0-301F-11D3-BF4B-00C04F79EFBC}") = "QuestForge.Adapters.Tests", "QuestForge.Adapters.Tests\QuestForge.Adapters.Tests.csproj", "{3895AD6E-462B-4848-9B9D-1957ED1C4287}"
EndProject
Project("{FAE04EC0-301F-11D3-BF4B-00C04F79EFBC}") = "QuestForge.Engine", "QuestForge.Engine\QuestForge.Engine.csproj", "{EA6FEFD4-E103-4124-8DAE-3EEE3A0FFA4C}"
EndProject
Project("{FAE04EC0-301F-11D3-BF4B-00C04F79EFBC}") = "QuestForge.Adapters.Dalamud", "QuestForge.Adapters.Dalamud\QuestForge.Adapters.Dalamud.csproj", "{AA8444CC-3C50-46DA-8456-06DD671B6716}"
EndProject
Project("{FAE04EC0-301F-11D3-BF4B-00C04F79EFBC}") = "QuestForge.Plugin", "QuestForge.Plugin\QuestForge.Plugin.csproj", "{F09726ED-971A-4BD5-B74C-295F74B79CC5}"
EndProject
Global
	GlobalSection(SolutionConfigurationPlatforms) = preSolution
		Debug|Any CPU = Debug|Any CPU
		Debug|x64 = Debug|x64
		Debug|x86 = Debug|x86
		Release|Any CPU = Release|Any CPU
		Release|x64 = Release|x64
		Release|x86 = Release|x86
	EndGlobalSection
	GlobalSection(ProjectConfigurationPlatforms) = postSolution
		{EFAE5A1C-28D6-4A4A-97A3-06A02A7BC4DF}.Debug|Any CPU.ActiveCfg = Debug|Any CPU
		{EFAE5A1C-28D6-4A4A-97A3-06A02A7BC4DF}.Debug|Any CPU.Build.0 = Debug|Any CPU
		{EFAE5A1C-28D6-4A4A-97A3-06A02A7BC4DF}.Debug|x64.ActiveCfg = Debug|Any CPU
		{EFAE5A1C-28D6-4A4A-97A3-06A02A7BC4DF}.Debug|x64.Build.0 = Debug|Any CPU
		{EFAE5A1C-28D6-4A4A-97A3-06A02A7BC4DF}.Debug|x86.ActiveCfg = Debug|Any CPU
		{EFAE5A1C-28D6-4A4A-97A3-06A02A7BC4DF}.Debug|x86.Build.0 = Debug|Any CPU
		{EFAE5A1C-28D6-4A4A-97A3-06A02A7BC4DF}.Release|Any CPU.ActiveCfg = Release|Any CPU
		{EFAE5A1C-28D6-4A4A-97A3-06A02A7BC4DF}.Release|Any CPU.Build.0 = Release|Any CPU
		{EFAE5A1C-28D6-4A4A-97A3-06A02A7BC4DF}.Release|x64.ActiveCfg = Release|Any CPU
		{EFAE5A1C-28D6-4A4A-97A3-06A02A7BC4DF}.Release|x64.Build.0 = Release|Any CPU
		{EFAE5A1C-28D6-4A4A-97A3-06A02A7BC4DF}.Release|x86.ActiveCfg = Release|Any CPU
		{EFAE5A1C-28D6-4A4A-97A3-06A02A7BC4DF}.Release|x86.Build.0 = Release|Any CPU
		{36FED8B3-BBEB-4714-897F-189216D642EB}.Debug|x64.ActiveCfg = Debug|Any CPU
		{36FED8B3-BBEB-4714-897F-189216D642EB}.Debug|x64.Build.0 = Debug|Any CPU
		{36FED8B3-BBEB-4714-897F-189216D642EB}.Debug|x86.ActiveCfg = Debug|Any CPU
		{36FED8B3-BBEB-4714-897F-189216D642EB}.Debug|x86.Build.0 = Debug|Any CPU
		{36FED8B3-BBEB-4714-897F-189216D642EB}.Release|x64.ActiveCfg = Release|Any CPU
		{36FED8B3-BBEB-4714-897F-189216D642EB}.Release|x64.Build.0 = Release|Any CPU
		{36FED8B3-BBEB-4714-897F-189216D642EB}.Release|x86.ActiveCfg = Release|Any CPU
		{36FED8B3-BBEB-4714-897F-189216D642EB}.Release|x86.Build.0 = Release|Any CPU
		{63BC783A-4BA3-423E-9D54-CBA7F121ED17}.Debug|Any CPU.ActiveCfg = Debug|Any CPU
		{63BC783A-4BA3-423E-9D54-CBA7F121ED17}.Debug|Any CPU.Build.0 = Debug|Any CPU
		{63BC783A-4BA3-423E-9D54-CBA7F121ED17}.Debug|x64.ActiveCfg = Debug|Any CPU
		{63BC783A-4BA3-423E-9D54-CBA7F121ED17}.Debug|x64.Build.0 = Debug|Any CPU
		{63BC783A-4BA3-423E-9D54-CBA7F121ED17}.Debug|x86.ActiveCfg = Debug|Any CPU
		{63BC783A-4BA3-423E-9D54-CBA7F121ED17}.Debug|x86.Build.0 = Debug|Any CPU
		{63BC783A-4BA3-423E-9D54-CBA7F121ED17}.Release|Any CPU.ActiveCfg = Release|Any CPU
		{63BC783A-4BA3-423E-9D54-CBA7F121ED17}.Release|Any CPU.Build.0 = Release|Any CPU
		{63BC783A-4BA3-423E-9D54-CBA7F121ED17}.Release|x64.ActiveCfg = Release|Any CPU
		{63BC783A-4BA3-423E-9D54-CBA7F121ED17}.Release|x64.Build.0 = Release|Any CPU
		{63BC783A-4BA3-423E-9D54-CBA7F121ED17}.Release|x86.ActiveCfg = Release|Any CPU
		{63BC783A-4BA3-423E-9D54-CBA7F121ED17}.Release|x86.Build.0 = Release|Any CPU
		{FEC7C1BA-1FA4-4A37-86BD-2488E9EF0563}.Debug|Any CPU.ActiveCfg = Debug|Any CPU
		{FEC7C1BA-1FA4-4A37-86BD-2488E9EF0563}.Debug|Any CPU.Build.0 = Debug|Any CPU
		{FEC7C1BA-1FA4-4A37-86BD-2488E9EF0563}.Debug|x64.ActiveCfg = Debug|Any CPU
		{FEC7C1BA-1FA4-4A37-86BD-2488E9EF0563}.Debug|x64.Build.0 = Debug|Any CPU
		{FEC7C1BA-1FA4-4A37-86BD-2488E9EF0563}.Debug|x86.ActiveCfg = Debug|Any CPU
		{FEC7C1BA-1FA4-4A37-86BD-2488E9EF0563}.Debug|x86.Build.0 = Debug|Any CPU
		{FEC7C1BA-1FA4-4A37-86BD-2488E9EF0563}.Release|Any CPU.ActiveCfg = Release|Any CPU
		{FEC7C1BA-1FA4-4A37-86BD-2488E9EF0563}.Release|Any CPU.Build.0 = Release|Any CPU
		{FEC7C1BA-1FA4-4A37-86BD-2488E9EF0563}.Release|x64.ActiveCfg = Release|Any CPU
		{FEC7C1BA-1FA4-4A37-86BD-2488E9EF0563}.Release|x64.Build.0 = Release|Any CPU
		{FEC7C1BA-1FA4-4A37-86BD-2488E9EF0563}.Release|x86.ActiveCfg = Release|Any CPU
		{FEC7C1BA-1FA4-4A37-86BD-2488E9EF0563}.Release|x86.Build.0 = Release|Any CPU
		{3895AD6E-462B-4848-9B9D-1957ED1C4287}.Debug|Any CPU.ActiveCfg = Debug|Any CPU
		{3895AD6E-462B-4848-9B9D-1957ED1C4287}.Debug|Any CPU.Build.0 = Debug|Any CPU
		{3895AD6E-462B-4848-9B9D-1957ED1C4287}.Debug|x64.ActiveCfg = Debug|Any CPU
		{3895AD6E-462B-4848-9B9D-1957ED1C4287}.Debug|x64.Build.0 = Debug|Any CPU
		{3895AD6E-462B-4848-9B9D-1957ED1C4287}.Debug|x86.ActiveCfg = Debug|Any CPU
		{3895AD6E-462B-4848-9B9D-1957ED1C4287}.Debug|x86.Build.0 = Debug|Any CPU
		{3895AD6E-462B-4848-9B9D-1957ED1C4287}.Release|Any CPU.ActiveCfg = Release|Any CPU
		{3895AD6E-462B-4848-9B9D-1957ED1C4287}.Release|Any CPU.Build.0 = Release|Any CPU
		{3895AD6E-462B-4848-9B9D-1957ED1C4287}.Release|x64.ActiveCfg = Release|Any CPU
		{3895AD6E-462B-4848-9B9D-1957ED1C4287}.Release|x64.Build.0 = Release|Any CPU
		{3895AD6E-462B-4848-9B9D-1957ED1C4287}.Release|x86.ActiveCfg = Release|Any CPU
		{3895AD6E-462B-4848-9B9D-1957ED1C4287}.Release|x86.Build.0 = Release|Any CPU
		{EA6FEFD4-E103-4124-8DAE-3EEE3A0FFA4C}.Debug|Any CPU.ActiveCfg = Debug|Any CPU
		{EA6FEFD4-E103-4124-8DAE-3EEE3A0FFA4C}.Debug|Any CPU.Build.0 = Debug|Any CPU
		{EA6FEFD4-E103-4124-8DAE-3EEE3A0FFA4C}.Debug|x64.ActiveCfg = Debug|Any CPU
		{EA6FEFD4-E103-4124-8DAE-3EEE3A0FFA4C}.Debug|x64.Build.0 = Debug|Any CPU
		{EA6FEFD4-E103-4124-8DAE-3EEE3A0FFA4C}.Debug|x86.ActiveCfg = Debug|Any CPU
		{EA6FEFD4-E103-4124-8DAE-3EEE3A0FFA4C}.Debug|x86.Build.0 = Debug|Any CPU
		{EA6FEFD4-E103-4124-8DAE-3EEE3A0FFA4C}.Release|Any CPU.ActiveCfg = Release|Any CPU
		{EA6FEFD4-E103-4124-8DAE-3EEE3A0FFA4C}.Release|Any CPU.Build.0 = Release|Any CPU
		{EA6FEFD4-E103-4124-8DAE-3EEE3A0FFA4C}.Release|x64.ActiveCfg = Release|Any CPU
		{EA6FEFD4-E103-4124-8DAE-3EEE3A0FFA4C}.Release|x64.Build.0 = Release|Any CPU
		{EA6FEFD4-E103-4124-8DAE-3EEE3A0FFA4C}.Release|x86.ActiveCfg = Release|Any CPU
		{EA6FEFD4-E103-4124-8DAE-3EEE3A0FFA4C}.Release|x86.Build.0 = Release|Any CPU
		{AA8444CC-3C50-46DA-8456-06DD671B6716}.Debug|Any CPU.ActiveCfg = Debug|Any CPU
		{AA8444CC-3C50-46DA-8456-06DD671B6716}.Debug|Any CPU.Build.0 = Debug|Any CPU
		{AA8444CC-3C50-46DA-8456-06DD671B6716}.Debug|x64.ActiveCfg = Debug|Any CPU
		{AA8444CC-3C50-46DA-8456-06DD671B6716}.Debug|x64.Build.0 = Debug|Any CPU
		{AA8444CC-3C50-46DA-8456-06DD671B6716}.Debug|x86.ActiveCfg = Debug|Any CPU
		{AA8444CC-3C50-46DA-8456-06DD671B6716}.Debug|x86.Build.0 = Debug|Any CPU
		{AA8444CC-3C50-46DA-8456-06DD671B6716}.Release|Any CPU.ActiveCfg = Release|Any CPU
		{AA8444CC-3C50-46DA-8456-06DD671B6716}.Release|Any CPU.Build.0 = Release|Any CPU
		{AA8444CC-3C50-46DA-8456-06DD671B6716}.Release|x64.ActiveCfg = Release|Any CPU
		{AA8444CC-3C50-46DA-8456-06DD671B6716}.Release|x64.Build.0 = Release|Any CPU
		{AA8444CC-3C50-46DA-8456-06DD671B6716}.Release|x86.ActiveCfg = Release|Any CPU
		{AA8444CC-3C50-46DA-8456-06DD671B6716}.Release|x86.Build.0 = Release|Any CPU
		{F09726ED-971A-4BD5-B74C-295F74B79CC5}.Debug|Any CPU.ActiveCfg = Debug|Any CPU
		{F09726ED-971A-4BD5-B74C-295F74B79CC5}.Debug|Any CPU.Build.0 = Debug|Any CPU
		{F09726ED-971A-4BD5-B74C-295F74B79CC5}.Debug|x64.ActiveCfg = Debug|Any CPU
		{F09726ED-971A-4BD5-B74C-295F74B79CC5}.Debug|x64.Build.0 = Debug|Any CPU
		{F09726ED-971A-4BD5-B74C-295F74B79CC5}.Debug|x86.ActiveCfg = Debug|Any CPU
		{F09726ED-971A-4BD5-B74C-295F74B79CC5}.Debug|x86.Build.0 = Debug|Any CPU
		{F09726ED-971A-4BD5-B74C-295F74B79CC5}.Release|Any CPU.ActiveCfg = Release|Any CPU
		{F09726ED-971A-4BD5-B74C-295F74B79CC5}.Release|Any CPU.Build.0 = Release|Any CPU
		{F09726ED-971A-4BD5-B74C-295F74B79CC5}.Release|x64.ActiveCfg = Release|Any CPU
		{F09726ED-971A-4BD5-B74C-295F74B79CC5}.Release|x64.Build.0 = Release|Any CPU
		{F09726ED-971A-4BD5-B74C-295F74B79CC5}.Release|x86.ActiveCfg = Release|Any CPU
		{F09726ED-971A-4BD5-B74C-295F74B79CC5}.Release|x86.Build.0 = Release|Any CPU
	EndGlobalSection
	GlobalSection(SolutionProperties) = preSolution
		HideSolutionNode = FALSE
	EndGlobalSection
EndGlobal
